
Microsoft Visual Studio Solution File, Format Version 12.00
# Visual Studio 14
VisualStudioVersion = 14.0.25420.1
MinimumVisualStudioVersion = 10.0.40219.1
Project("{FAE04EC0-301F-11D3-BF4B-00C04F79EFBC}") = "Dependable", "Dependable\Dependable.csproj", "{620EC5D5-398B-48EB-808A-4AFE6E6481A1}"
EndProject
Project("{FAE04EC0-301F-11D3-BF4B-00C04F79EFBC}") = "DI.TESTS", "DI.TESTS\DI.TESTS.csproj", "{3CF9DCEF-81A6-4E95-A2D6-E18CE04BF7DA}"
EndProject
Project("{FAE04EC0-301F-11D3-BF4B-00C04F79EFBC}") = "Dependable.SEAM", "Dependable.SEAM\Dependable.SEAM.csproj", "{A9552686-4039-47DE-88E5-9CC1630A4BBE}"
EndProject
Global
	GlobalSection(SolutionConfigurationPlatforms) = preSolution
		Debug|Any CPU = Debug|Any CPU
		Release|Any CPU = Release|Any CPU
	EndGlobalSection
	GlobalSection(ProjectConfigurationPlatforms) = postSolution
		{620EC5D5-398B-48EB-808A-4AFE6E6481A1}.Debug|Any CPU.ActiveCfg = Debug|Any CPU
		{620EC5D5-398B-48EB-808A-4AFE6E6481A1}.Debug|Any CPU.Build.0 = Debug|Any CPU
		{620EC5D5-398B-48EB-808A-4AFE6E6481A1}.Release|Any CPU.ActiveCfg = Release|Any CPU
		{620EC5D5-398B-48EB-808A-4AFE6E6481A1}.Release|Any CPU.Build.0 = Release|Any CPU
		{3CF9DCEF-81A6-4E95-A2D6-E18CE04BF7DA}.Debug|Any CPU.ActiveCfg = Debug|Any CPU
		{3CF9DCEF-81A6-4E95-A2D6-E18CE04BF7DA}.Debug|Any CPU.Build.0 = Debug|Any CPU
		{3CF9DCEF-81A6-4E95-A2D6-E18CE04BF7DA}.Release|Any CPU.ActiveCfg = Release|Any CPU
		{3CF9DCEF-81A6-4E95-A2D6-E18CE04BF7DA}.Release|Any CPU.Build.0 = Release|Any CPU
		{A9552686-4039-47DE-88E5-9CC1630A4BBE}.Debug|Any CPU.ActiveCfg = Debug|Any CPU
		{A9552686-4039-47DE-88E5-9CC1630A4BBE}.Debug|Any CPU.Build.0 = Debug|Any CPU
		{A9552686-4039-47DE-88E5-9CC1630A4BBE}.Release|Any CPU.ActiveCfg = Release|Any CPU
		{A9552686-4039-47DE-88E5-9CC1630A4BBE}.Release|Any CPU.Build.0 = Release|Any CPU
	EndGlobalSection
	GlobalSection(SolutionProperties) = preSolution
		HideSolutionNode = FALSE
	EndGlobalSection
EndGlobal
